
Microsoft Visual Studio Solution File, Format Version 12.00
# Visual Studio Version 17
VisualStudioVersion = 17.0.31903.59
MinimumVisualStudioVersion = 10.0.40219.1
Project("{FAE04EC0-301F-11D3-BF4B-00C04F79EFBC}") = "GAC.Core", "GAC.Core\GAC.Core.csproj", "{94178D31-087E-4358-B8AA-B6106B6027EC}"
EndProject
Project("{FAE04EC0-301F-11D3-BF4B-00C04F79EFBC}") = "GAC.Infrastructure", "GAC.Infrastructure\GAC.Infrastructure.csproj", "{164C83A0-2F4A-476B-A8B5-928E4581A881}"
EndProject
Project("{FAE04EC0-301F-11D3-BF4B-00C04F79EFBC}") = "GAC.Web", "GAC.Web\GAC.Web.csproj", "{0FD639A7-17F5-4805-9A3A-1A7BE7F57B13}"
EndProject
Project("{FAE04EC0-301F-11D3-BF4B-00C04F79EFBC}") = "GAC.Tests", "GAC.Tests\GAC.Tests.csproj", "{B3AA38A4-E49B-4B40-9A5E-CB301A33422A}"
EndProject
Global
	GlobalSection(SolutionConfigurationPlatforms) = preSolution
		Debug|Any CPU = Debug|Any CPU
		Debug|x64 = Debug|x64
		Debug|x86 = Debug|x86
		Release|Any CPU = Release|Any CPU
		Release|x64 = Release|x64
		Release|x86 = Release|x86
	EndGlobalSection
	GlobalSection(ProjectConfigurationPlatforms) = postSolution
		{94178D31-087E-4358-B8AA-B6106B6027EC}.Debug|Any CPU.ActiveCfg = Debug|Any CPU
		{94178D31-087E-4358-B8AA-B6106B6027EC}.Debug|Any CPU.Build.0 = Debug|Any CPU
		{94178D31-087E-4358-B8AA-B6106B6027EC}.Debug|x64.ActiveCfg = Debug|Any CPU
		{94178D31-087E-4358-B8AA-B6106B6027EC}.Debug|x64.Build.0 = Debug|Any CPU
		{94178D31-087E-4358-B8AA-B6106B6027EC}.Debug|x86.ActiveCfg = Debug|Any CPU
		{94178D31-087E-4358-B8AA-B6106B6027EC}.Debug|x86.Build.0 = Debug|Any CPU
		{94178D31-087E-4358-B8AA-B6106B6027EC}.Release|Any CPU.ActiveCfg = Release|Any CPU
		{94178D31-087E-4358-B8AA-B6106B6027EC}.Release|Any CPU.Build.0 = Release|Any CPU
		{94178D31-087E-4358-B8AA-B6106B6027EC}.Release|x64.ActiveCfg = Release|Any CPU
		{94178D31-087E-4358-B8AA-B6106B6027EC}.Release|x64.Build.0 = Release|Any CPU
		{94178D31-087E-4358-B8AA-B6106B6027EC}.Release|x86.ActiveCfg = Release|Any CPU
		{94178D31-087E-4358-B8AA-B6106B6027EC}.Release|x86.Build.0 = Release|Any CPU
		{164C83A0-2F4A-476B-A8B5-928E4581A881}.Debug|Any CPU.ActiveCfg = Debug|Any CPU
		{164C83A0-2F4A-476B-A8B5-928E4581A881}.Debug|Any CPU.Build.0 = Debug|Any CPU
		{164C83A0-2F4A-476B-A8B5-928E4581A881}.Debug|x64.ActiveCfg = Debug|Any CPU
		{164C83A0-2F4A-476B-A8B5-928E4581A881}.Debug|x64.Build.0 = Debug|Any CPU
		{164C83A0-2F4A-476B-A8B5-928E4581A881}.Debug|x86.ActiveCfg = Debug|Any CPU
		{164C83A0-2F4A-476B-A8B5-928E4581A881}.Debug|x86.Build.0 = Debug|Any CPU
		{164C83A0-2F4A-476B-A8B5-928E4581A881}.Release|Any CPU.ActiveCfg = Release|Any CPU
		{164C83A0-2F4A-476B-A8B5-928E4581A881}.Release|Any CPU.Build.0 = Release|Any CPU
		{164C83A0-2F4A-476B-A8B5-928E4581A881}.Release|x64.ActiveCfg = Release|Any CPU
		{164C83A0-2F4A-476B-A8B5-928E4581A881}.Release|x64.Build.0 = Release|Any CPU
		{164C83A0-2F4A-476B-A8B5-928E4581A881}.Release|x86.ActiveCfg = Release|Any CPU
		{164C83A0-2F4A-476B-A8B5-928E4581A881}.Release|x86.Build.0 = Release|Any CPU
		{0FD639A7-17F5-4805-9A3A-1A7BE7F57B13}.Debug|Any CPU.ActiveCfg = Debug|Any CPU
		{0FD639A7-17F5-4805-9A3A-1A7BE7F57B13}.Debug|Any CPU.Build.0 = Debug|Any CPU
		{0FD639A7-17F5-4805-9A3A-1A7BE7F57B13}.Debug|x64.ActiveCfg = Debug|Any CPU
		{0FD639A7-17F5-4805-9A3A-1A7BE7F57B13}.Debug|x64.Build.0 = Debug|Any CPU
		{0FD639A7-17F5-4805-9A3A-1A7BE7F57B13}.Debug|x86.ActiveCfg = Debug|Any CPU
		{0FD639A7-17F5-4805-9A3A-1A7BE7F57B13}.Debug|x86.Build.0 = Debug|Any CPU
		{0FD639A7-17F5-4805-9A3A-1A7BE7F57B13}.Release|Any CPU.ActiveCfg = Release|Any CPU
		{0FD639A7-17F5-4805-9A3A-1A7BE7F57B13}.Release|Any CPU.Build.0 = Release|Any CPU
		{0FD639A7-17F5-4805-9A3A-1A7BE7F57B13}.Release|x64.ActiveCfg = Release|Any CPU
		{0FD639A7-17F5-4805-9A3A-1A7BE7F57B13}.Release|x64.Build.0 = Release|Any CPU
		{0FD639A7-17F5-4805-9A3A-1A7BE7F57B13}.Release|x86.ActiveCfg = Release|Any CPU
		{0FD639A7-17F5-4805-9A3A-1A7BE7F57B13}.Release|x86.Build.0 = Release|Any CPU
		{B3AA38A4-E49B-4B40-9A5E-CB301A33422A}.Debug|Any CPU.ActiveCfg = Debug|Any CPU
		{B3AA38A4-E49B-4B40-9A5E-CB301A33422A}.Debug|Any CPU.Build.0 = Debug|Any CPU
		{B3AA38A4-E49B-4B40-9A5E-CB301A33422A}.Debug|x64.ActiveCfg = Debug|Any CPU
		{B3AA38A4-E49B-4B40-9A5E-CB301A33422A}.Debug|x64.Build.0 = Debug|Any CPU
		{B3AA38A4-E49B-4B40-9A5E-CB301A33422A}.Debug|x86.ActiveCfg = Debug|Any CPU
		{B3AA38A4-E49B-4B40-9A5E-CB301A33422A}.Debug|x86.Build.0 = Debug|Any CPU
		{B3AA38A4-E49B-4B40-9A5E-CB301A33422A}.Release|Any CPU.ActiveCfg = Release|Any CPU
		{B3AA38A4-E49B-4B40-9A5E-CB301A33422A}.Release|Any CPU.Build.0 = Release|Any CPU
		{B3AA38A4-E49B-4B40-9A5E-CB301A33422A}.Release|x64.ActiveCfg = Release|Any CPU
		{B3AA38A4-E49B-4B40-9A5E-CB301A33422A}.Release|x64.Build.0 = Release|Any CPU
		{B3AA38A4-E49B-4B40-9A5E-CB301A33422A}.Release|x86.ActiveCfg = Release|Any CPU
		{B3AA38A4-E49B-4B40-9A5E-CB301A33422A}.Release|x86.Build.0 = Release|Any CPU
	EndGlobalSection
	GlobalSection(SolutionProperties) = preSolution
		HideSolutionNode = FALSE
	EndGlobalSection
EndGlobal
